{
  "version": 1,
  "dependencies": {
    "net10.0": {
      "CUE4Parse": {
        "type": "Direct",
        "requested": "[1.2.2.202608, )",
        "resolved": "1.2.2.202608",
        "contentHash": "oJd7SFkLYKT5AsPmAW30WMGWIwq4S2GZayB5ZEU8kWtJsjCa96XWl8YZOfkFmMIIj6O2zYChwhX5otAd8ROMtQ==",
        "dependencies": {
          "Blake3": "2.2.1",
          "BouncyCastle.Cryptography": "2.6.2",
          "FixedMathSharp": "4.0.1",
          "Fmod5Sharp": "3.1.0",
          "GenericReader": "2.3.0",
          "Infrablack.UE4Config": "0.7.2.97",
          "K4os.Compression.LZ4.Streams": "1.3.8",
          "LZMA-SDK": "22.1.1",
          "Newtonsoft.Json": "13.0.4",
          "OffiUtils": "3.2.0",
          "Oodle.NET": "2.2.0",
          "OodleSharp": "0.0.1",
          "Serilog": "4.3.1",
          "Serilog.Sinks.Console": "6.1.1",
          "SubstreamSharp": "1.0.3",
          "System.IO.Hashing": "10.0.8",
          "System.Numerics.Tensors": "10.0.10",
          "VGAudio": "2.2.1",
          "Zlib-ng.NET": "1.2.0",
          "ZstdSharp.Port": "0.8.8"
        }
      },
      "Microsoft.Bcl.Memory": {
        "type": "Direct",
        "requested": "[10.0.11, )",
        "resolved": "10.0.11",
        "contentHash": "gOK5j94niQhCvUXA5sXn/h4khL0ZHPlKZx//SJ9pwuydpWSDIPBpduLWty5MYMEJkWs/ewYbG1LAqfPLOprDgg=="
      },
      "Blake3": {
        "type": "Transitive",
        "resolved": "2.2.1",
        "contentHash": "HfNW2Iiy4hCaVDVGFEyk0mks+M5HSU3O8O517LyYkI6FFuj2jpvNlag4kGQFDSRmJi4/axgOei8k02NKq/uoDg=="
      },
      "BouncyCastle.Cryptography": {
        "type": "Transitive",
        "resolved": "2.6.2",
        "contentHash": "7oWOcvnntmMKNzDLsdxAYqApt+AjpRpP2CShjMfIa3umZ42UQMvH0tl1qAliYPNYO6vTdcGMqnRrCPmsfzTI1w=="
      },
      "CommunityToolkit.HighPerformance": {
        "type": "Transitive",
        "resolved": "8.4.2",
        "contentHash": "2hmtrrU18x6NL3mbuAqwy0KpnoEEJOuK6sH5RKQfD/jHijn2pqvqBUC7WGy9dgNBL9BDA7eOC0kirsNPMp2f4Q=="
      },
      "FixedMathSharp": {
        "type": "Transitive",
        "resolved": "4.0.1",
        "contentHash": "eUZzaWGXfPitqyJvF+6IFGaYRwWfg65Ia6I7bRbcF7U8Yw2BKBQ1vFl6qE/NGKaapMBVjQ+liDkvRSkwMuRR3w==",
        "dependencies": {
          "MemoryPack": "1.21.4"
        }
      },
      "Fmod5Sharp": {
        "type": "Transitive",
        "resolved": "3.1.0",
        "contentHash": "DPM710gixvM3GrF5FTceXgaAZmH4B3amo92HNIJHiXHUJdeIF3R/cZKDrZzc4A5gzX/M1MbqWBphR90e/b6HxQ==",
        "dependencies": {
          "IndexRange": "1.1.0",
          "NAudio.Core": "2.2.1",
          "OggVorbisEncoder": "1.2.2"
        }
      },
      "GenericReader": {
        "type": "Transitive",
        "resolved": "2.3.0",
        "contentHash": "JeTTJenG7Ys+d+qSpO5xlg07oCC7Xg+tCNYuJOzBcw3v1IPivsbix9jF0odM8EtviL74vC/zRE3V/tm6WPnxZw=="
      },
      "IndexRange": {
        "type": "Transitive",
        "resolved": "1.1.0",
        "contentHash": "fG+2WP1e3Fg3ZVq85XAdiwG9t0twi3r0LvOrTjtbH/31Rd5gLnV5APOD2JHAowbZYDgj9D3rXRbUvIL+ew0WZQ==",
        "dependencies": {
          "Microsoft.Bcl.Memory": "9.0.0"
        }
      },
      "Infrablack.UE4Config": {
        "type": "Transitive",
        "resolved": "0.7.2.97",
        "contentHash": "ZjCEAqkSSr2Z8Rp82wo6ME98WJ0P2DyKrr+11X2KqZ/q/rzloyv6rJ+m45J2qWY1Piu2E9XcJ2gvRHQCapuTQQ=="
      },
      "K4os.Compression.LZ4": {
        "type": "Transitive",
        "resolved": "1.3.8",
        "contentHash": "LhwlPa7c1zs1OV2XadMtAWdImjLIsqFJPoRcIWAadSRn0Ri1DepK65UbWLPmt4riLqx2d40xjXRk0ogpqNtK7g=="
      },
      "K4os.Compression.LZ4.Streams": {
        "type": "Transitive",
        "resolved": "1.3.8",
        "contentHash": "P15qr8dZAeo9GvYbUIPEYFQ0MEJ0i5iqr37wsYeRC3la2uCldOoeCa6to0CZ1taiwxIV+Mk8NGuZi+4iWivK9w==",
        "dependencies": {
          "K4os.Compression.LZ4": "1.3.8",
          "K4os.Hash.xxHash": "1.0.8"
        }
      },
      "K4os.Hash.xxHash": {
        "type": "Transitive",
        "resolved": "1.0.8",
        "contentHash": "Wp2F7BamQ2Q/7Hk834nV9vRQapgcr8kgv9Jvfm8J3D0IhDqZMMl+a2yxUq5ltJitvXvQfB8W6K4F4fCbw/P6YQ=="
      },
      "LZMA-SDK": {
        "type": "Transitive",
        "resolved": "22.1.1",
        "contentHash": "lxG8/H53OCqebnDFlTStwzbgtmUN/DqnXN8kffa/ctHcSEHhIPDyEa3jLzpZxVX5F8bmJgvb1mna6gnhetykIw=="
      },
      "MemoryPack": {
        "type": "Transitive",
        "resolved": "1.21.4",
        "contentHash": "wy3JTBNBsO8LfQcBvvYsWr3lm2Oakolrfu0UQ3oSJSEiD+7ye0GUhYTaXuYYBowqsXBXWD9gf2218ae0JRiYVQ==",
        "dependencies": {
          "MemoryPack.Core": "1.21.4",
          "MemoryPack.Generator": "1.21.4"
        }
      },
      "MemoryPack.Core": {
        "type": "Transitive",
        "resolved": "1.21.4",
        "contentHash": "6RszGorZ0ejNmp37ZcboPBMvvPCuNW2jlrdQfcs/lMzE5b3pmPF6hsm/laDc34hRlbAST1ZxaX/DvYu2DF5sBQ=="
      },
      "MemoryPack.Generator": {
        "type": "Transitive",
        "resolved": "1.21.4",
        "contentHash": "g14EsSS85yn0lHTi0J9ivqlZMf09A2iI51fmI+0KkzIzyCbWOBWPi5mdaY7YWmXprk12aYh9u/qfWHQUYthlwg=="
      },
      "Microsoft.NETCore.Platforms": {
        "type": "Transitive",
        "resolved": "1.1.0",
        "contentHash": "kz0PEW2lhqygehI/d6XsPCQzD7ff7gUJaVGPVETX611eadGsA3A877GdSlU0LRVMCTH/+P3o2iDTak+S08V2+A=="
      },
      "NAudio.Core": {
        "type": "Transitive",
        "resolved": "2.2.1",
        "contentHash": "GgkdP6K/7FqXFo7uHvoqGZTJvW4z8g2IffhOO4JHaLzKCdDOUEzVKtveoZkCuUX8eV2HAINqi7VFqlFndrnz/g=="
      },
      "NETStandard.Library": {
        "type": "Transitive",
        "resolved": "1.6.1",
        "contentHash": "WcSp3+vP+yHNgS8EV5J7pZ9IRpeDuARBPN28by8zqff1wJQXm26PVU8L3/fYLBJVU7BtDyqNVWq2KlCVvSSR4A==",
        "dependencies": {
          "Microsoft.NETCore.Platforms": "1.1.0"
        }
      },
      "Newtonsoft.Json": {
        "type": "Transitive",
        "resolved": "13.0.4",
        "contentHash": "pdgNNMai3zv51W5aq268sujXUyx7SNdE2bj1wZcWjAQrKMFZV260lbqYop1d2GM67JI1huLRwxo9ZqnfF/lC6A=="
      },
      "OffiUtils": {
        "type": "Transitive",
        "resolved": "3.2.0",
        "contentHash": "sejwMr+CWLla0wzpvQSBSe+xCUk01XeKh39R/aG7a//ZHzp7twxPcnbz634w+Rk3bLRVsuL9Jp49RFw42MGjUw==",
        "dependencies": {
          "CommunityToolkit.HighPerformance": "8.4.2"
        }
      },
      "OggVorbisEncoder": {
        "type": "Transitive",
        "resolved": "1.2.2",
        "contentHash": "MZMa5URyED82nJUfGCbulS/1/Np+zhE2mt3h9TuAPOurVN3rYHEaVc7cKd7IK1vROB4UMdTgSoPCW3EJCNmHJw=="
      },
      "Oodle.NET": {
        "type": "Transitive",
        "resolved": "2.2.0",
        "contentHash": "6+rGT+Y2dBkACr2dQ0+NBm5mpDJ66ec8X2RFLyNjm1pRojMK5DcRiA8iqVdMgYue7OPMUhN7ViSn0iu0X4NmRQ=="
      },
      "OodleSharp": {
        "type": "Transitive",
        "resolved": "0.0.1",
        "contentHash": "8XioZSNsed2bv0ouBOqgHDH1guZepf844lCQGndo4jqzuFAiuurIlZ1my/3vXdN3aXdhe3jPrWQzDjXZqxZH7Q=="
      },
      "Serilog": {
        "type": "Transitive",
        "resolved": "4.3.1",
        "contentHash": "savYe7h5yRlkqBVOwP8cIRDOdqKiPmYCU4W87JH38sBmcKD5EBoXvQIw6bNEvZ/pTe1gsiye3VFCzBsoppGkXQ=="
      },
      "Serilog.Sinks.Console": {
        "type": "Transitive",
        "resolved": "6.1.1",
        "contentHash": "8jbqgjUyZlfCuSTaJk6lOca465OndqOz3KZP6Cryt/IqZYybyBu7GP0fE/AXBzrrQB3EBmQntBFAvMVz1COvAA==",
        "dependencies": {
          "Serilog": "4.0.0"
        }
      },
      "SubstreamSharp": {
        "type": "Transitive",
        "resolved": "1.0.3",
        "contentHash": "XV/cpJkajpqg2qMYAZzXFcklLy4KvFEiWQFE+amUAzLzQqk/nyAdQp0gXX2rGz5F/ALkvd8bgKBiDW+QuKOXDQ=="
      },
      "System.IO.Hashing": {
        "type": "Transitive",
        "resolved": "10.0.8",
        "contentHash": "+dJsbPJ3FyUbTZNplFj0RCKePFizmv6ewDV46JE9q/IVH4c3xTCftHfHelLsAKf0jryIPqgMb5GpS0x7TAY3mg=="
      },
      "System.Numerics.Tensors": {
        "type": "Transitive",
        "resolved": "10.0.10",
        "contentHash": "9Ildb4Y9maDztB0ZRGxsNShbpCQ2Tjv2dr4IjskBxpTGhH7aIz1+oC+Hl833ASs/htWwsH6myNe+sRpeyCzeMQ=="
      },
      "VGAudio": {
        "type": "Transitive",
        "resolved": "2.2.1",
        "contentHash": "eg8TusdIdla4XejVolG3da6UtshRQPmjCoTxejBff4sJf0wgI1Ic6vvNiYjb96gX21kvWLONRgyvc3NVHP6TYg==",
        "dependencies": {
          "NETStandard.Library": "1.6.1"
        }
      },
      "Zlib-ng.NET": {
        "type": "Transitive",
        "resolved": "1.2.0",
        "contentHash": "W97KdZxrekUMf9DjO9xSb7YzL0H642Hc3ACqABThY3z5M5+wPeFG3pbdL7ObsLL81ysR3swrXTEydla0tDyD5w=="
      },
      "ZstdSharp.Port": {
        "type": "Transitive",
        "resolved": "0.8.8",
        "contentHash": "UIDFkA5DC3en3tOJ3Mof11yBx9kUQLsaeo/oFdvN6Bbkr9E9+VCqfIadHci8cu+I51K2Sl7XYWVl2R/mA75NBQ=="
      }
    }
  }
}